
Microsoft Visual Studio Solution File, Format Version 12.00
# Visual Studio Version 17
VisualStudioVersion = 17.7.34202.233
MinimumVisualStudioVersion = 10.0.40219.1
Project("{8BC9CEB8-8B4A-11D0-8D11-00A0C91BC942}") = "Operator_Overloading", "Operator_Overloading.vcxproj", "{DAAE156A-DA3B-4A6A-BABE-D596844F9AD9}"
EndProject
Project("{8BC9CEB8-8B4A-11D0-8D11-00A0C91BC942}") = "Algorithm", "..\CPP\Algorithm\Algorithm.vcxproj", "{F4C32C11-E9EB-4AD2-B620-C5AA776A4058}"
EndProject
Global
	GlobalSection(SolutionConfigurationPlatforms) = preSolution
		Debug|x64 = Debug|x64
		Debug|x86 = Debug|x86
		Release|x64 = Release|x64
		Release|x86 = Release|x86
	EndGlobalSection
	GlobalSection(ProjectConfigurationPlatforms) = postSolution
		{DAAE156A-DA3B-4A6A-BABE-D596844F9AD9}.Debug|x64.ActiveCfg = Debug|x64
		{DAAE156A-DA3B-4A6A-BABE-D596844F9AD9}.Debug|x64.Build.0 = Debug|x64
		{DAAE156A-DA3B-4A6A-BABE-D596844F9AD9}.Debug|x86.ActiveCfg = Debug|Win32
		{DAAE156A-DA3B-4A6A-BABE-D596844F9AD9}.Debug|x86.Build.0 = Debug|Win32
		{DAAE156A-DA3B-4A6A-BABE-D596844F9AD9}.Release|x64.ActiveCfg = Release|x64
		{DAAE156A-DA3B-4A6A-BABE-D596844F9AD9}.Release|x64.Build.0 = Release|x64
		{DAAE156A-DA3B-4A6A-BABE-D596844F9AD9}.Release|x86.ActiveCfg = Release|Win32
		{DAAE156A-DA3B-4A6A-BABE-D596844F9AD9}.Release|x86.Build.0 = Release|Win32
		{F4C32C11-E9EB-4AD2-B620-C5AA776A4058}.Debug|x64.ActiveCfg = Debug|x64
		{F4C32C11-E9EB-4AD2-B620-C5AA776A4058}.Debug|x64.Build.0 = Debug|x64
		{F4C32C11-E9EB-4AD2-B620-C5AA776A4058}.Debug|x86.ActiveCfg = Debug|Win32
		{F4C32C11-E9EB-4AD2-B620-C5AA776A4058}.Debug|x86.Build.0 = Debug|Win32
		{F4C32C11-E9EB-4AD2-B620-C5AA776A4058}.Release|x64.ActiveCfg = Release|x64
		{F4C32C11-E9EB-4AD2-B620-C5AA776A4058}.Release|x64.Build.0 = Release|x64
		{F4C32C11-E9EB-4AD2-B620-C5AA776A4058}.Release|x86.ActiveCfg = Release|Win32
		{F4C32C11-E9EB-4AD2-B620-C5AA776A4058}.Release|x86.Build.0 = Release|Win32
	EndGlobalSection
	GlobalSection(SolutionProperties) = preSolution
		HideSolutionNode = FALSE
	EndGlobalSection
	GlobalSection(ExtensibilityGlobals) = postSolution
		SolutionGuid = {FA4B4043-F524-45C4-9F98-320B765D60B8}
	EndGlobalSection
EndGlobal
